
Microsoft Visual Studio Solution File, Format Version 12.00
# Visual Studio Version 17
VisualStudioVersion = 17.2.32630.192
MinimumVisualStudioVersion = 10.0.40219.1
Project("{FAE04EC0-301F-11D3-BF4B-00C04F79EFBC}") = "FirstConsoleApp", "FirstConsoleApp.csproj", "{EC93A6B4-5287-4A06-A5BA-7FD58391A8C0}"
EndProject
Global
	GlobalSection(SolutionConfigurationPlatforms) = preSolution
		Debug|Any CPU = Debug|Any CPU
		Release|Any CPU = Release|Any CPU
	EndGlobalSection
	GlobalSection(ProjectConfigurationPlatforms) = postSolution
		{EC93A6B4-5287-4A06-A5BA-7FD58391A8C0}.Debug|Any CPU.ActiveCfg = Debug|Any CPU
		{EC93A6B4-5287-4A06-A5BA-7FD58391A8C0}.Debug|Any CPU.Build.0 = Debug|Any CPU
		{EC93A6B4-5287-4A06-A5BA-7FD58391A8C0}.Release|Any CPU.ActiveCfg = Release|Any CPU
		{EC93A6B4-5287-4A06-A5BA-7FD58391A8C0}.Release|Any CPU.Build.0 = Release|Any CPU
	EndGlobalSection
	GlobalSection(SolutionProperties) = preSolution
		HideSolutionNode = FALSE
	EndGlobalSection
	GlobalSection(ExtensibilityGlobals) = postSolution
		SolutionGuid = {596CDF33-A91A-4E74-AF89-141BEC6F0720}
	EndGlobalSection
EndGlobal
