
Microsoft Visual Studio Solution File, Format Version 12.00
# Visual Studio Version 17
VisualStudioVersion = 17.2.32630.192
MinimumVisualStudioVersion = 10.0.40219.1
Project("{FAE04EC0-301F-11D3-BF4B-00C04F79EFBC}") = "AssignmentHandson", "AssignmentHandson.csproj", "{A766E47E-2150-4015-A3E4-89C590EFA03C}"
EndProject
Global
	GlobalSection(SolutionConfigurationPlatforms) = preSolution
		Debug|Any CPU = Debug|Any CPU
		Release|Any CPU = Release|Any CPU
	EndGlobalSection
	GlobalSection(ProjectConfigurationPlatforms) = postSolution
		{A766E47E-2150-4015-A3E4-89C590EFA03C}.Debug|Any CPU.ActiveCfg = Debug|Any CPU
		{A766E47E-2150-4015-A3E4-89C590EFA03C}.Debug|Any CPU.Build.0 = Debug|Any CPU
		{A766E47E-2150-4015-A3E4-89C590EFA03C}.Release|Any CPU.ActiveCfg = Release|Any CPU
		{A766E47E-2150-4015-A3E4-89C590EFA03C}.Release|Any CPU.Build.0 = Release|Any CPU
	EndGlobalSection
	GlobalSection(SolutionProperties) = preSolution
		HideSolutionNode = FALSE
	EndGlobalSection
	GlobalSection(ExtensibilityGlobals) = postSolution
		SolutionGuid = {AD911224-C1CD-4A8F-806D-19D0B611CC03}
	EndGlobalSection
EndGlobal
